// !$*UTF8*$!
{
	archiveVersion = 1;
	classes = {
	};
	objectVersion = 50;
	objects = {

/* Begin PBXBuildFile section */
		58B2EE19211EEEF400CBE435 /* AppDelegate.swift in Sources */ = {isa = PBXBuildFile; fileRef = 58B2EE18211EEEF400CBE435 /* AppDelegate.swift */; };
		58B2EE1B211EEEF400CBE435 /* TodoListViewController.swift in Sources */ = {isa = PBXBuildFile; fileRef = 58B2EE1A211EEEF400CBE435 /* TodoListViewController.swift */; };
		58B2EE1E211EEEF400CBE435 /* Main.storyboard in Resources */ = {isa = PBXBuildFile; fileRef = 58B2EE1C211EEEF400CBE435 /* Main.storyboard */; };
		58B2EE20211EEEF600CBE435 /* Assets.xcassets in Resources */ = {isa = PBXBuildFile; fileRef = 58B2EE1F211EEEF600CBE435 /* Assets.xcassets */; };
		58B2EE23211EEEF600CBE435 /* LaunchScreen.storyboard in Resources */ = {isa = PBXBuildFile; fileRef = 58B2EE21211EEEF600CBE435 /* LaunchScreen.storyboard */; };
		58B2EE562120841A00CBE435 /* CategoryViewController.swift in Sources */ = {isa = PBXBuildFile; fileRef = 58B2EE552120841A00CBE435 /* CategoryViewController.swift */; };
		58B2EE5A2121F23F00CBE435 /* Item.swift in Sources */ = {isa = PBXBuildFile; fileRef = 58B2EE592121F23F00CBE435 /* Item.swift */; };
		58B2EE5C2121F24700CBE435 /* Category.swift in Sources */ = {isa = PBXBuildFile; fileRef = 58B2EE5B2121F24700CBE435 /* Category.swift */; };
		D27F16F947103B0D7A39B389 /* Pods_Todoey.framework in Frameworks */ = {isa = PBXBuildFile; fileRef = 7040A253F105FABBE54FD0EC /* Pods_Todoey.framework */; };
/* End PBXBuildFile section */

/* Begin PBXFileReference section */
		58B2EE15211EEEF400CBE435 /* Todoey.app */ = {isa = PBXFileReference; explicitFileType = wrapper.application; includeInIndex = 0; path = Todoey.app; sourceTree = BUILT_PRODUCTS_DIR; };
		58B2EE18211EEEF400CBE435 /* AppDelegate.swift */ = {isa = PBXFileReference; lastKnownFileType = sourcecode.swift; path = AppDelegate.swift; sourceTree = "<group>"; };
		58B2EE1A211EEEF400CBE435 /* TodoListViewController.swift */ = {isa = PBXFileReference; lastKnownFileType = sourcecode.swift; path = TodoListViewController.swift; sourceTree = "<group>"; };
		58B2EE1D211EEEF400CBE435 /* Base */ = {isa = PBXFileReference; lastKnownFileType = file.storyboard; name = Base; path = Base.lproj/Main.storyboard; sourceTree = "<group>"; };
		58B2EE1F211EEEF600CBE435 /* Assets.xcassets */ = {isa = PBXFileReference; lastKnownFileType = folder.assetcatalog; path = Assets.xcassets; sourceTree = "<group>"; };
		58B2EE22211EEEF600CBE435 /* Base */ = {isa = PBXFileReference; lastKnownFileType = file.storyboard; name = Base; path = Base.lproj/LaunchScreen.storyboard; sourceTree = "<group>"; };
		58B2EE24211EEEF600CBE435 /* Info.plist */ = {isa = PBXFileReference; lastKnownFileType = text.plist.xml; path = Info.plist; sourceTree = "<group>"; };
		58B2EE552120841A00CBE435 /* CategoryViewController.swift */ = {isa = PBXFileReference; lastKnownFileType = sourcecode.swift; path = CategoryViewController.swift; sourceTree = "<group>"; };
		58B2EE592121F23F00CBE435 /* Item.swift */ = {isa = PBXFileReference; lastKnownFileType = sourcecode.swift; path = Item.swift; sourceTree = "<group>"; };
		58B2EE5B2121F24700CBE435 /* Category.swift */ = {isa = PBXFileReference; lastKnownFileType = sourcecode.swift; path = Category.swift; sourceTree = "<group>"; };
		7040A253F105FABBE54FD0EC /* Pods_Todoey.framework */ = {isa = PBXFileReference; explicitFileType = wrapper.framework; includeInIndex = 0; path = Pods_Todoey.framework; sourceTree = BUILT_PRODUCTS_DIR; };
		A1E302E28AB978B0923A09D7 /* Pods-Todoey.debug.xcconfig */ = {isa = PBXFileReference; includeInIndex = 1; lastKnownFileType = text.xcconfig; name = "Pods-Todoey.debug.xcconfig"; path = "Pods/Target Support Files/Pods-Todoey/Pods-Todoey.debug.xcconfig"; sourceTree = "<group>"; };
		AB0BA115593774C08A180E83 /* Pods-Todoey.release.xcconfig */ = {isa = PBXFileReference; includeInIndex = 1; lastKnownFileType = text.xcconfig; name = "Pods-Todoey.release.xcconfig"; path = "Pods/Target Support Files/Pods-Todoey/Pods-Todoey.release.xcconfig"; sourceTree = "<group>"; };
/* End PBXFileReference section */

/* Begin PBXFrameworksBuildPhase section */
		58B2EE12211EEEF400CBE435 /* Frameworks */ = {
			isa = PBXFrameworksBuildPhase;
			buildActionMask = 2147483647;
			files = (
				D27F16F947103B0D7A39B389 /* Pods_Todoey.framework in Frameworks */,
			);
			runOnlyForDeploymentPostprocessing = 0;
		};
/* End PBXFrameworksBuildPhase section */

/* Begin PBXGroup section */
		58B2EE0C211EEEF400CBE435 = {
			isa = PBXGroup;
			children = (
				58B2EE17211EEEF400CBE435 /* Todoey */,
				58B2EE16211EEEF400CBE435 /* Products */,
				5D315E9B38AFEE3692EB99B7 /* Pods */,
				64135137AE9E2DA8C0111472 /* Frameworks */,
			);
			sourceTree = "<group>";
		};
		58B2EE16211EEEF400CBE435 /* Products */ = {
			isa = PBXGroup;
			children = (
				58B2EE15211EEEF400CBE435 /* Todoey.app */,
			);
			name = Products;
			sourceTree = "<group>";
		};
		58B2EE17211EEEF400CBE435 /* Todoey */ = {
			isa = PBXGroup;
			children = (
				58B2EE18211EEEF400CBE435 /* AppDelegate.swift */,
				58B2EE2D211F39D300CBE435 /* Controllers */,
				58B2EE2C211F39C700CBE435 /* Data Model */,
				58B2EE2E211F39DD00CBE435 /* Views */,
				58B2EE30211F3A0D00CBE435 /* Supportuing Fiels */,
				58B2EE24211EEEF600CBE435 /* Info.plist */,
			);
			path = Todoey;
			sourceTree = "<group>";
		};
		58B2EE2C211F39C700CBE435 /* Data Model */ = {
			isa = PBXGroup;
			children = (
				58B2EE5B2121F24700CBE435 /* Category.swift */,
				58B2EE592121F23F00CBE435 /* Item.swift */,
			);
			path = "Data Model";
			sourceTree = "<group>";
		};
		58B2EE2D211F39D300CBE435 /* Controllers */ = {
			isa = PBXGroup;
			children = (
				58B2EE552120841A00CBE435 /* CategoryViewController.swift */,
				58B2EE1A211EEEF400CBE435 /* TodoListViewController.swift */,
			);
			path = Controllers;
			sourceTree = "<group>";
		};
		58B2EE2E211F39DD00CBE435 /* Views */ = {
			isa = PBXGroup;
			children = (
				58B2EE1C211EEEF400CBE435 /* Main.storyboard */,
			);
			path = Views;
			sourceTree = "<group>";
		};
		58B2EE30211F3A0D00CBE435 /* Supportuing Fiels */ = {
			isa = PBXGroup;
			children = (
				58B2EE1F211EEEF600CBE435 /* Assets.xcassets */,
				58B2EE21211EEEF600CBE435 /* LaunchScreen.storyboard */,
			);
			path = "Supportuing Fiels";
			sourceTree = "<group>";
		};
		5D315E9B38AFEE3692EB99B7 /* Pods */ = {
			isa = PBXGroup;
			children = (
				A1E302E28AB978B0923A09D7 /* Pods-Todoey.debug.xcconfig */,
				AB0BA115593774C08A180E83 /* Pods-Todoey.release.xcconfig */,
			);
			name = Pods;
			sourceTree = "<group>";
		};
		64135137AE9E2DA8C0111472 /* Frameworks */ = {
			isa = PBXGroup;
			children = (
				7040A253F105FABBE54FD0EC /* Pods_Todoey.framework */,
			);
			name = Frameworks;
			sourceTree = "<group>";
		};
/* End PBXGroup section */

/* Begin PBXNativeTarget section */
		58B2EE14211EEEF400CBE435 /* Todoey */ = {
			isa = PBXNativeTarget;
			buildConfigurationList = 58B2EE27211EEEF600CBE435 /* Build configuration list for PBXNativeTarget "Todoey" */;
			buildPhases = (
				6B551517EAB54CB83BCC4FEA /* [CP] Check Pods Manifest.lock */,
				58B2EE11211EEEF400CBE435 /* Sources */,
				58B2EE12211EEEF400CBE435 /* Frameworks */,
				58B2EE13211EEEF400CBE435 /* Resources */,
				DD2C199C65CA77F1E86C5229 /* [CP] Embed Pods Frameworks */,
			);
			buildRules = (
			);
			dependencies = (
			);
			name = Todoey;
			productName = Todoey;
			productReference = 58B2EE15211EEEF400CBE435 /* Todoey.app */;
			productType = "com.apple.product-type.application";
		};
/* End PBXNativeTarget section */

/* Begin PBXProject section */
		58B2EE0D211EEEF400CBE435 /* Project object */ = {
			isa = PBXProject;
			attributes = {
				LastSwiftUpdateCheck = 0940;
				LastUpgradeCheck = 0940;
				ORGANIZATIONNAME = "Omer Simon";
				TargetAttributes = {
					58B2EE14211EEEF400CBE435 = {
						CreatedOnToolsVersion = 9.4.1;
					};
				};
			};
			buildConfigurationList = 58B2EE10211EEEF400CBE435 /* Build configuration list for PBXProject "Todoey" */;
			compatibilityVersion = "Xcode 9.3";
			developmentRegion = en;
			hasScannedForEncodings = 0;
			knownRegions = (
				en,
				Base,
			);
			mainGroup = 58B2EE0C211EEEF400CBE435;
			productRefGroup = 58B2EE16211EEEF400CBE435 /* Products */;
			projectDirPath = "";
			projectRoot = "";
			targets = (
				58B2EE14211EEEF400CBE435 /* Todoey */,
			);
		};
/* End PBXProject section */

/* Begin PBXResourcesBuildPhase section */
		58B2EE13211EEEF400CBE435 /* Resources */ = {
			isa = PBXResourcesBuildPhase;
			buildActionMask = 2147483647;
			files = (
				58B2EE23211EEEF600CBE435 /* LaunchScreen.storyboard in Resources */,
				58B2EE20211EEEF600CBE435 /* Assets.xcassets in Resources */,
				58B2EE1E211EEEF400CBE435 /* Main.storyboard in Resources */,
			);
			runOnlyForDeploymentPostprocessing = 0;
		};
/* End PBXResourcesBuildPhase section */

/* Begin PBXShellScriptBuildPhase section */
		6B551517EAB54CB83BCC4FEA /* [CP] Check Pods Manifest.lock */ = {
			isa = PBXShellScriptBuildPhase;
			buildActionMask = 2147483647;
			files = (
			);
			inputPaths = (
				"${PODS_PODFILE_DIR_PATH}/Podfile.lock",
				"${PODS_ROOT}/Manifest.lock",
			);
			name = "[CP] Check Pods Manifest.lock";
			outputPaths = (
				"$(DERIVED_FILE_DIR)/Pods-Todoey-checkManifestLockResult.txt",
			);
			runOnlyForDeploymentPostprocessing = 0;
			shellPath = /bin/sh;
			shellScript = "diff \"${PODS_PODFILE_DIR_PATH}/Podfile.lock\" \"${PODS_ROOT}/Manifest.lock\" > /dev/null\nif [ $? != 0 ] ; then\n    # print error to STDERR\n    echo \"error: The sandbox is not in sync with the Podfile.lock. Run 'pod install' or update your CocoaPods installation.\" >&2\n    exit 1\nfi\n# This output is used by Xcode 'outputs' to avoid re-running this script phase.\necho \"SUCCESS\" > \"${SCRIPT_OUTPUT_FILE_0}\"\n";
			showEnvVarsInLog = 0;
		};
		DD2C199C65CA77F1E86C5229 /* [CP] Embed Pods Frameworks */ = {
			isa = PBXShellScriptBuildPhase;
			buildActionMask = 2147483647;
			files = (
			);
			inputPaths = (
				"${SRCROOT}/Pods/Target Support Files/Pods-Todoey/Pods-Todoey-frameworks.sh",
				"${BUILT_PRODUCTS_DIR}/Realm/Realm.framework",
				"${BUILT_PRODUCTS_DIR}/RealmSwift/RealmSwift.framework",
			);
			name = "[CP] Embed Pods Frameworks";
			outputPaths = (
				"${TARGET_BUILD_DIR}/${FRAMEWORKS_FOLDER_PATH}/Realm.framework",
				"${TARGET_BUILD_DIR}/${FRAMEWORKS_FOLDER_PATH}/RealmSwift.framework",
			);
			runOnlyForDeploymentPostprocessing = 0;
			shellPath = /bin/sh;
			shellScript = "\"${SRCROOT}/Pods/Target Support Files/Pods-Todoey/Pods-Todoey-frameworks.sh\"\n";
			showEnvVarsInLog = 0;
		};
/* End PBXShellScriptBuildPhase section */

/* Begin PBXSourcesBuildPhase section */
		58B2EE11211EEEF400CBE435 /* Sources */ = {
			isa = PBXSourcesBuildPhase;
			buildActionMask = 2147483647;
			files = (
				58B2EE5A2121F23F00CBE435 /* Item.swift in Sources */,
				58B2EE562120841A00CBE435 /* CategoryViewController.swift in Sources */,
				58B2EE1B211EEEF400CBE435 /* TodoListViewController.swift in Sources */,
				58B2EE19211EEEF400CBE435 /* AppDelegate.swift in Sources */,
				58B2EE5C2121F24700CBE435 /* Category.swift in Sources */,
			);
			runOnlyForDeploymentPostprocessing = 0;
		};
/* End PBXSourcesBuildPhase section */

/* Begin PBXVariantGroup section */
		58B2EE1C211EEEF400CBE435 /* Main.storyboard */ = {
			isa = PBXVariantGroup;
			children = (
				58B2EE1D211EEEF400CBE435 /* Base */,
			);
			name = Main.storyboard;
			sourceTree = "<group>";
		};
		58B2EE21211EEEF600CBE435 /* LaunchScreen.storyboard */ = {
			isa = PBXVariantGroup;
			children = (
				58B2EE22211EEEF600CBE435 /* Base */,
			);
			name = LaunchScreen.storyboard;
			sourceTree = "<group>";
		};
/* End PBXVariantGroup section */

/* Begin XCBuildConfiguration section */
		58B2EE25211EEEF600CBE435 /* Debug */ = {
			isa = XCBuildConfiguration;
			buildSettings = {
				ALWAYS_SEARCH_USER_PATHS = NO;
				CLANG_ANALYZER_NONNULL = YES;
				CLANG_ANALYZER_NUMBER_OBJECT_CONVERSION = YES_AGGRESSIVE;
				CLANG_CXX_LANGUAGE_STANDARD = "gnu++14";
				CLANG_CXX_LIBRARY = "libc++";
				CLANG_ENABLE_MODULES = YES;
				CLANG_ENABLE_OBJC_ARC = YES;
				CLANG_ENABLE_OBJC_WEAK = YES;
				CLANG_WARN_BLOCK_CAPTURE_AUTORELEASING = YES;
				CLANG_WARN_BOOL_CONVERSION = YES;
				CLANG_WARN_COMMA = YES;
				CLANG_WARN_CONSTANT_CONVERSION = YES;
				CLANG_WARN_DEPRECATED_OBJC_IMPLEMENTATIONS = YES;
				CLANG_WARN_DIRECT_OBJC_ISA_USAGE = YES_ERROR;
				CLANG_WARN_DOCUMENTATION_COMMENTS = YES;
				CLANG_WARN_EMPTY_BODY = YES;
				CLANG_WARN_ENUM_CONVERSION = YES;
				CLANG_WARN_INFINITE_RECURSION = YES;
				CLANG_WARN_INT_CONVERSION = YES;
				CLANG_WARN_NON_LITERAL_NULL_CONVERSION = YES;
				CLANG_WARN_OBJC_IMPLICIT_RETAIN_SELF = YES;
				CLANG_WARN_OBJC_LITERAL_CONVERSION = YES;
				CLANG_WARN_OBJC_ROOT_CLASS = YES_ERROR;
				CLANG_WARN_RANGE_LOOP_ANALYSIS = YES;
				CLANG_WARN_STRICT_PROTOTYPES = YES;
				CLANG_WARN_SUSPICIOUS_MOVE = YES;
				CLANG_WARN_UNGUARDED_AVAILABILITY = YES_AGGRESSIVE;
				CLANG_WARN_UNREACHABLE_CODE = YES;
				CLANG_WARN__DUPLICATE_METHOD_MATCH = YES;
				CODE_SIGN_IDENTITY = "iPhone Developer";
				COPY_PHASE_STRIP = NO;
				DEBUG_INFORMATION_FORMAT = dwarf;
				ENABLE_STRICT_OBJC_MSGSEND = YES;
				ENABLE_TESTABILITY = YES;
				GCC_C_LANGUAGE_STANDARD = gnu11;
				GCC_DYNAMIC_NO_PIC = NO;
				GCC_NO_COMMON_BLOCKS = YES;
				GCC_OPTIMIZATION_LEVEL = 0;
				GCC_PREPROCESSOR_DEFINITIONS = (
					"DEBUG=1",
					"$(inherited)",
				);
				GCC_WARN_64_TO_32_BIT_CONVERSION = YES;
				GCC_WARN_ABOUT_RETURN_TYPE = YES_ERROR;
				GCC_WARN_UNDECLARED_SELECTOR = YES;
				GCC_WARN_UNINITIALIZED_AUTOS = YES_AGGRESSIVE;
				GCC_WARN_UNUSED_FUNCTION = YES;
				GCC_WARN_UNUSED_VARIABLE = YES;
				IPHONEOS_DEPLOYMENT_TARGET = 11.4;
				MTL_ENABLE_DEBUG_INFO = YES;
				ONLY_ACTIVE_ARCH = YES;
				SDKROOT = iphoneos;
				SWIFT_ACTIVE_COMPILATION_CONDITIONS = DEBUG;
				SWIFT_OPTIMIZATION_LEVEL = "-Onone";
			};
			name = Debug;
		};
		58B2EE26211EEEF600CBE435 /* Release */ = {
			isa = XCBuildConfiguration;
			buildSettings = {
				ALWAYS_SEARCH_USER_PATHS = NO;
				CLANG_ANALYZER_NONNULL = YES;
				CLANG_ANALYZER_NUMBER_OBJECT_CONVERSION = YES_AGGRESSIVE;
				CLANG_CXX_LANGUAGE_STANDARD = "gnu++14";
				CLANG_CXX_LIBRARY = "libc++";
				CLANG_ENABLE_MODULES = YES;
				CLANG_ENABLE_OBJC_ARC = YES;
				CLANG_ENABLE_OBJC_WEAK = YES;
				CLANG_WARN_BLOCK_CAPTURE_AUTORELEASING = YES;
				CLANG_WARN_BOOL_CONVERSION = YES;
				CLANG_WARN_COMMA = YES;
				CLANG_WARN_CONSTANT_CONVERSION = YES;
				CLANG_WARN_DEPRECATED_OBJC_IMPLEMENTATIONS = YES;
				CLANG_WARN_DIRECT_OBJC_ISA_USAGE = YES_ERROR;
				CLANG_WARN_DOCUMENTATION_COMMENTS = YES;
				CLANG_WARN_EMPTY_BODY = YES;
				CLANG_WARN_ENUM_CONVERSION = YES;
				CLANG_WARN_INFINITE_RECURSION = YES;
				CLANG_WARN_INT_CONVERSION = YES;
				CLANG_WARN_NON_LITERAL_NULL_CONVERSION = YES;
				CLANG_WARN_OBJC_IMPLICIT_RETAIN_SELF = YES;
				CLANG_WARN_OBJC_LITERAL_CONVERSION = YES;
				CLANG_WARN_OBJC_ROOT_CLASS = YES_ERROR;
				CLANG_WARN_RANGE_LOOP_ANALYSIS = YES;
				CLANG_WARN_STRICT_PROTOTYPES = YES;
				CLANG_WARN_SUSPICIOUS_MOVE = YES;
				CLANG_WARN_UNGUARDED_AVAILABILITY = YES_AGGRESSIVE;
				CLANG_WARN_UNREACHABLE_CODE = YES;
				CLANG_WARN__DUPLICATE_METHOD_MATCH = YES;
				CODE_SIGN_IDENTITY = "iPhone Developer";
				COPY_PHASE_STRIP = NO;
				DEBUG_INFORMATION_FORMAT = "dwarf-with-dsym";
				ENABLE_NS_ASSERTIONS = NO;
				ENABLE_STRICT_OBJC_MSGSEND = YES;
				GCC_C_LANGUAGE_STANDARD = gnu11;
				GCC_NO_COMMON_BLOCKS = YES;
				GCC_WARN_64_TO_32_BIT_CONVERSION = YES;
				GCC_WARN_ABOUT_RETURN_TYPE = YES_ERROR;
				GCC_WARN_UNDECLARED_SELECTOR = YES;
				GCC_WARN_UNINITIALIZED_AUTOS = YES_AGGRESSIVE;
				GCC_WARN_UNUSED_FUNCTION = YES;
				GCC_WARN_UNUSED_VARIABLE = YES;
				IPHONEOS_DEPLOYMENT_TARGET = 11.4;
				MTL_ENABLE_DEBUG_INFO = NO;
				SDKROOT = iphoneos;
				SWIFT_COMPILATION_MODE = wholemodule;
				SWIFT_OPTIMIZATION_LEVEL = "-O";
				VALIDATE_PRODUCT = YES;
			};
			name = Release;
		};
		58B2EE28211EEEF600CBE435 /* Debug */ = {
			isa = XCBuildConfiguration;
			baseConfigurationReference = A1E302E28AB978B0923A09D7 /* Pods-Todoey.debug.xcconfig */;
			buildSettings = {
				ASSETCATALOG_COMPILER_APPICON_NAME = AppIcon;
				CODE_SIGN_STYLE = Automatic;
				DEVELOPMENT_TEAM = ZS9FG583A7;
				INFOPLIST_FILE = Todoey/Info.plist;
				LD_RUNPATH_SEARCH_PATHS = (
					"$(inherited)",
					"@executable_path/Frameworks",
				);
				PRODUCT_BUNDLE_IDENTIFIER = com.omersimon.Todoey;
				PRODUCT_NAME = "$(TARGET_NAME)";
				SWIFT_VERSION = 4.0;
				TARGETED_DEVICE_FAMILY = "1,2";
			};
			name = Debug;
		};
		58B2EE29211EEEF600CBE435 /* Release */ = {
			isa = XCBuildConfiguration;
			baseConfigurationReference = AB0BA115593774C08A180E83 /* Pods-Todoey.release.xcconfig */;
			buildSettings = {
				ASSETCATALOG_COMPILER_APPICON_NAME = AppIcon;
				CODE_SIGN_STYLE = Automatic;
				DEVELOPMENT_TEAM = ZS9FG583A7;
				INFOPLIST_FILE = Todoey/Info.plist;
				LD_RUNPATH_SEARCH_PATHS = (
					"$(inherited)",
					"@executable_path/Frameworks",
				);
				PRODUCT_BUNDLE_IDENTIFIER = com.omersimon.Todoey;
				PRODUCT_NAME = "$(TARGET_NAME)";
				SWIFT_VERSION = 4.0;
				TARGETED_DEVICE_FAMILY = "1,2";
			};
			name = Release;
		};
/* End XCBuildConfiguration section */

/* Begin XCConfigurationList section */
		58B2EE10211EEEF400CBE435 /* Build configuration list for PBXProject "Todoey" */ = {
			isa = XCConfigurationList;
			buildConfigurations = (
				58B2EE25211EEEF600CBE435 /* Debug */,
				58B2EE26211EEEF600CBE435 /* Release */,
			);
			defaultConfigurationIsVisible = 0;
			defaultConfigurationName = Release;
		};
		58B2EE27211EEEF600CBE435 /* Build configuration list for PBXNativeTarget "Todoey" */ = {
			isa = XCConfigurationList;
			buildConfigurations = (
				58B2EE28211EEEF600CBE435 /* Debug */,
				58B2EE29211EEEF600CBE435 /* Release */,
			);
			defaultConfigurationIsVisible = 0;
			defaultConfigurationName = Release;
		};
/* End XCConfigurationList section */
	};
	rootObject = 58B2EE0D211EEEF400CBE435 /* Project object */;
}
